
Microsoft Visual Studio Solution File, Format Version 12.00
# Visual Studio 15
VisualStudioVersion = 15.0.28307.1062
MinimumVisualStudioVersion = 10.0.40219.1
Project("{FAE04EC0-301F-11D3-BF4B-00C04F79EFBC}") = "InterviewTask", "InterviewTask\InterviewTask.csproj", "{4507F6F2-E9D2-4BAA-AD57-CCD6C57956F7}"
EndProject
Global
	GlobalSection(SolutionConfigurationPlatforms) = preSolution
		Debug|Any CPU = Debug|Any CPU
		Release|Any CPU = Release|Any CPU
	EndGlobalSection
	GlobalSection(ProjectConfigurationPlatforms) = postSolution
		{4507F6F2-E9D2-4BAA-AD57-CCD6C57956F7}.Debug|Any CPU.ActiveCfg = Debug|Any CPU
		{4507F6F2-E9D2-4BAA-AD57-CCD6C57956F7}.Debug|Any CPU.Build.0 = Debug|Any CPU
		{4507F6F2-E9D2-4BAA-AD57-CCD6C57956F7}.Release|Any CPU.ActiveCfg = Release|Any CPU
		{4507F6F2-E9D2-4BAA-AD57-CCD6C57956F7}.Release|Any CPU.Build.0 = Release|Any CPU
	EndGlobalSection
	GlobalSection(SolutionProperties) = preSolution
		HideSolutionNode = FALSE
	EndGlobalSection
	GlobalSection(ExtensibilityGlobals) = postSolution
		SolutionGuid = {57252371-9FC5-4A55-8466-D8A6B5802B7F}
	EndGlobalSection
EndGlobal
